
Microsoft Visual Studio Solution File, Format Version 12.00
# Visual Studio Version 16
VisualStudioVersion = 16.0.30523.141
MinimumVisualStudioVersion = 10.0.40219.1
Project("{FAE04EC0-301F-11D3-BF4B-00C04F79EFBC}") = "Compiler", "Compiler.csproj", "{0CEB0941-2029-4D27-8A33-ACCE0C6F2F95}"
EndProject
Global
	GlobalSection(SolutionConfigurationPlatforms) = preSolution
		Debug|Any CPU = Debug|Any CPU
		Release|Any CPU = Release|Any CPU
	EndGlobalSection
	GlobalSection(ProjectConfigurationPlatforms) = postSolution
		{0CEB0941-2029-4D27-8A33-ACCE0C6F2F95}.Debug|Any CPU.ActiveCfg = Debug|Any CPU
		{0CEB0941-2029-4D27-8A33-ACCE0C6F2F95}.Debug|Any CPU.Build.0 = Debug|Any CPU
		{0CEB0941-2029-4D27-8A33-ACCE0C6F2F95}.Release|Any CPU.ActiveCfg = Release|Any CPU
		{0CEB0941-2029-4D27-8A33-ACCE0C6F2F95}.Release|Any CPU.Build.0 = Release|Any CPU
	EndGlobalSection
	GlobalSection(SolutionProperties) = preSolution
		HideSolutionNode = FALSE
	EndGlobalSection
	GlobalSection(ExtensibilityGlobals) = postSolution
		SolutionGuid = {6DA3702B-27B5-4144-A954-BCDAAA61CB24}
	EndGlobalSection
EndGlobal
